
Microsoft Visual Studio Solution File, Format Version 12.00
# Visual Studio Version 16
VisualStudioVersion = 16.0.30717.126
MinimumVisualStudioVersion = 10.0.40219.1
Project("{FAE04EC0-301F-11D3-BF4B-00C04F79EFBC}") = "LZUJ9F_project", "LZUJ9F_project\LZUJ9F_project.csproj", "{266E253D-5026-4296-871A-2B10435DD37C}"
EndProject
Project("{FAE04EC0-301F-11D3-BF4B-00C04F79EFBC}") = "UnitTestProject1", "UnitTestProject1\UnitTestProject1.csproj", "{64C3A4D0-43F2-414E-BFC4-6DAF9F383D57}"
EndProject
Global
	GlobalSection(SolutionConfigurationPlatforms) = preSolution
		Debug|Any CPU = Debug|Any CPU
		Release|Any CPU = Release|Any CPU
	EndGlobalSection
	GlobalSection(ProjectConfigurationPlatforms) = postSolution
		{266E253D-5026-4296-871A-2B10435DD37C}.Debug|Any CPU.ActiveCfg = Debug|Any CPU
		{266E253D-5026-4296-871A-2B10435DD37C}.Debug|Any CPU.Build.0 = Debug|Any CPU
		{266E253D-5026-4296-871A-2B10435DD37C}.Release|Any CPU.ActiveCfg = Release|Any CPU
		{266E253D-5026-4296-871A-2B10435DD37C}.Release|Any CPU.Build.0 = Release|Any CPU
		{64C3A4D0-43F2-414E-BFC4-6DAF9F383D57}.Debug|Any CPU.ActiveCfg = Debug|Any CPU
		{64C3A4D0-43F2-414E-BFC4-6DAF9F383D57}.Debug|Any CPU.Build.0 = Debug|Any CPU
		{64C3A4D0-43F2-414E-BFC4-6DAF9F383D57}.Release|Any CPU.ActiveCfg = Release|Any CPU
		{64C3A4D0-43F2-414E-BFC4-6DAF9F383D57}.Release|Any CPU.Build.0 = Release|Any CPU
	EndGlobalSection
	GlobalSection(SolutionProperties) = preSolution
		HideSolutionNode = FALSE
	EndGlobalSection
	GlobalSection(ExtensibilityGlobals) = postSolution
		SolutionGuid = {019C13A0-C578-4DB7-ADA5-0754F9A8D563}
	EndGlobalSection
EndGlobal
